
Microsoft Visual Studio Solution File, Format Version 12.00
# Visual Studio Version 17
VisualStudioVersion = 17.7.34003.232
MinimumVisualStudioVersion = 10.0.40219.1
Project("{9A19103F-16F7-4668-BE54-9A1E7A4F7556}") = "SprintMod", "SprintMod\SprintMod.csproj", "{74B2D57B-6EF8-46BE-AE8D-385D8184CF94}"
EndProject
Project("{9A19103F-16F7-4668-BE54-9A1E7A4F7556}") = "TimeSpeedMod", "TimeSpeedMod\TimeSpeedMod.csproj", "{42081623-BC85-404B-AE0B-763B99E9207F}"
EndProject
Global
	GlobalSection(SolutionConfigurationPlatforms) = preSolution
		Debug|Any CPU = Debug|Any CPU
		Release|Any CPU = Release|Any CPU
	EndGlobalSection
	GlobalSection(ProjectConfigurationPlatforms) = postSolution
		{74B2D57B-6EF8-46BE-AE8D-385D8184CF94}.Debug|Any CPU.ActiveCfg = Debug|Any CPU
		{74B2D57B-6EF8-46BE-AE8D-385D8184CF94}.Debug|Any CPU.Build.0 = Debug|Any CPU
		{74B2D57B-6EF8-46BE-AE8D-385D8184CF94}.Release|Any CPU.ActiveCfg = Release|Any CPU
		{74B2D57B-6EF8-46BE-AE8D-385D8184CF94}.Release|Any CPU.Build.0 = Release|Any CPU
		{42081623-BC85-404B-AE0B-763B99E9207F}.Debug|Any CPU.ActiveCfg = Debug|Any CPU
		{42081623-BC85-404B-AE0B-763B99E9207F}.Debug|Any CPU.Build.0 = Debug|Any CPU
		{42081623-BC85-404B-AE0B-763B99E9207F}.Release|Any CPU.ActiveCfg = Release|Any CPU
		{42081623-BC85-404B-AE0B-763B99E9207F}.Release|Any CPU.Build.0 = Release|Any CPU
	EndGlobalSection
	GlobalSection(SolutionProperties) = preSolution
		HideSolutionNode = FALSE
	EndGlobalSection
	GlobalSection(ExtensibilityGlobals) = postSolution
		SolutionGuid = {3C12662E-D149-4B56-91E9-FBC639FC1C18}
	EndGlobalSection
EndGlobal
